
Microsoft Visual Studio Solution File, Format Version 12.00
# Visual Studio Version 17
VisualStudioVersion = 17.2.32516.85
MinimumVisualStudioVersion = 10.0.40219.1
Project("{FAE04EC0-301F-11D3-BF4B-00C04F79EFBC}") = "Datos", "Datos\Datos.csproj", "{8A1AE7EA-AB71-4119-9DE2-DA628A821305}"
EndProject
Project("{FAE04EC0-301F-11D3-BF4B-00C04F79EFBC}") = "Negocio", "Negocio\Negocio.csproj", "{2D32E8D3-3B7A-4B04-AB5C-60D34576E902}"
EndProject
Project("{FAE04EC0-301F-11D3-BF4B-00C04F79EFBC}") = "GestionInventario", "GestionInventario\GestionInventario.csproj", "{6FDA0F89-B9F2-4553-AA7E-31502345A536}"
EndProject
Global
	GlobalSection(SolutionConfigurationPlatforms) = preSolution
		Debug|Any CPU = Debug|Any CPU
		Release|Any CPU = Release|Any CPU
	EndGlobalSection
	GlobalSection(ProjectConfigurationPlatforms) = postSolution
		{8A1AE7EA-AB71-4119-9DE2-DA628A821305}.Debug|Any CPU.ActiveCfg = Debug|Any CPU
		{8A1AE7EA-AB71-4119-9DE2-DA628A821305}.Debug|Any CPU.Build.0 = Debug|Any CPU
		{8A1AE7EA-AB71-4119-9DE2-DA628A821305}.Release|Any CPU.ActiveCfg = Release|Any CPU
		{8A1AE7EA-AB71-4119-9DE2-DA628A821305}.Release|Any CPU.Build.0 = Release|Any CPU
		{2D32E8D3-3B7A-4B04-AB5C-60D34576E902}.Debug|Any CPU.ActiveCfg = Debug|Any CPU
		{2D32E8D3-3B7A-4B04-AB5C-60D34576E902}.Debug|Any CPU.Build.0 = Debug|Any CPU
		{2D32E8D3-3B7A-4B04-AB5C-60D34576E902}.Release|Any CPU.ActiveCfg = Release|Any CPU
		{2D32E8D3-3B7A-4B04-AB5C-60D34576E902}.Release|Any CPU.Build.0 = Release|Any CPU
		{6FDA0F89-B9F2-4553-AA7E-31502345A536}.Debug|Any CPU.ActiveCfg = Debug|Any CPU
		{6FDA0F89-B9F2-4553-AA7E-31502345A536}.Debug|Any CPU.Build.0 = Debug|Any CPU
		{6FDA0F89-B9F2-4553-AA7E-31502345A536}.Release|Any CPU.ActiveCfg = Release|Any CPU
		{6FDA0F89-B9F2-4553-AA7E-31502345A536}.Release|Any CPU.Build.0 = Release|Any CPU
	EndGlobalSection
	GlobalSection(SolutionProperties) = preSolution
		HideSolutionNode = FALSE
	EndGlobalSection
	GlobalSection(ExtensibilityGlobals) = postSolution
		SolutionGuid = {10AD54E1-3399-4912-9E61-484A895FAF91}
	EndGlobalSection
EndGlobal
